
Microsoft Visual Studio Solution File, Format Version 12.00
# Visual Studio Version 16
VisualStudioVersion = 16.0.31911.196
MinimumVisualStudioVersion = 10.0.40219.1
Project("{FAE04EC0-301F-11D3-BF4B-00C04F79EFBC}") = "Exercicio_de_Times", "Exercicio_de_Times\Exercicio_de_Times.csproj", "{C450D603-6DD8-4680-AEA8-785BE1816443}"
EndProject
Global
	GlobalSection(SolutionConfigurationPlatforms) = preSolution
		Debug|Any CPU = Debug|Any CPU
		Release|Any CPU = Release|Any CPU
	EndGlobalSection
	GlobalSection(ProjectConfigurationPlatforms) = postSolution
		{C450D603-6DD8-4680-AEA8-785BE1816443}.Debug|Any CPU.ActiveCfg = Debug|Any CPU
		{C450D603-6DD8-4680-AEA8-785BE1816443}.Debug|Any CPU.Build.0 = Debug|Any CPU
		{C450D603-6DD8-4680-AEA8-785BE1816443}.Release|Any CPU.ActiveCfg = Release|Any CPU
		{C450D603-6DD8-4680-AEA8-785BE1816443}.Release|Any CPU.Build.0 = Release|Any CPU
	EndGlobalSection
	GlobalSection(SolutionProperties) = preSolution
		HideSolutionNode = FALSE
	EndGlobalSection
	GlobalSection(ExtensibilityGlobals) = postSolution
		SolutionGuid = {AFEB865A-FF5E-42DA-AF6F-3C808F7C2E68}
	EndGlobalSection
EndGlobal
